
Microsoft Visual Studio Solution File, Format Version 12.00
# Visual Studio Version 17
VisualStudioVersion = 17.8.34511.84
MinimumVisualStudioVersion = 10.0.40219.1
Project("{888888A0-9F3D-457C-B088-3A5042F75D52}") = "sayı tahmin", "sayı tahmin.pyproj", "{F1FC03AB-BB4D-4D70-AD71-0F2005E5F117}"
EndProject
Global
	GlobalSection(SolutionConfigurationPlatforms) = preSolution
		Debug|Any CPU = Debug|Any CPU
		Release|Any CPU = Release|Any CPU
	EndGlobalSection
	GlobalSection(ProjectConfigurationPlatforms) = postSolution
		{F1FC03AB-BB4D-4D70-AD71-0F2005E5F117}.Debug|Any CPU.ActiveCfg = Debug|Any CPU
		{F1FC03AB-BB4D-4D70-AD71-0F2005E5F117}.Release|Any CPU.ActiveCfg = Release|Any CPU
	EndGlobalSection
	GlobalSection(SolutionProperties) = preSolution
		HideSolutionNode = FALSE
	EndGlobalSection
	GlobalSection(ExtensibilityGlobals) = postSolution
		SolutionGuid = {ED06886C-54AA-4B92-852B-7D6C50F1686E}
	EndGlobalSection
EndGlobal
